// !$*UTF8*$!
{
	archiveVersion = 1;
	classes = {
	};
	objectVersion = 56;
	objects = {

/* Begin PBXBuildFile section */
		8A06D05A2B03B47F0030942B /* HellogramApp.swift in Sources */ = {isa = PBXBuildFile; fileRef = 8A06D0592B03B47F0030942B /* HellogramApp.swift */; };
		8A06D05C2B03B47F0030942B /* ContentView.swift in Sources */ = {isa = PBXBuildFile; fileRef = 8A06D05B2B03B47F0030942B /* ContentView.swift */; };
		8A06D05E2B03B4810030942B /* Assets.xcassets in Resources */ = {isa = PBXBuildFile; fileRef = 8A06D05D2B03B4810030942B /* Assets.xcassets */; };
		8A06D0612B03B4810030942B /* Preview Assets.xcassets in Resources */ = {isa = PBXBuildFile; fileRef = 8A06D0602B03B4810030942B /* Preview Assets.xcassets */; };
		8A06D06C2B03CD990030942B /* TDLibKit in Frameworks */ = {isa = PBXBuildFile; productRef = 8A06D06B2B03CD990030942B /* TDLibKit */; };
		8A933F9B2B0896F7004965BC /* ContentViewModel.swift in Sources */ = {isa = PBXBuildFile; fileRef = 8A933F9A2B0896F7004965BC /* ContentViewModel.swift */; };
		8A933F9E2B08A192004965BC /* TdApi.swift in Sources */ = {isa = PBXBuildFile; fileRef = 8A933F9D2B08A192004965BC /* TdApi.swift */; };
		8A933FA02B08A426004965BC /* Secret.swift in Sources */ = {isa = PBXBuildFile; fileRef = 8A933F9F2B08A426004965BC /* Secret.swift */; };
		8A933FA22B08A4D8004965BC /* NotificationCenter.swift in Sources */ = {isa = PBXBuildFile; fileRef = 8A933FA12B08A4D8004965BC /* NotificationCenter.swift */; };
		8A933FA42B08A5B9004965BC /* NotificationName.swift in Sources */ = {isa = PBXBuildFile; fileRef = 8A933FA32B08A5B9004965BC /* NotificationName.swift */; };
		8A933FA62B08A5DC004965BC /* Task.swift in Sources */ = {isa = PBXBuildFile; fileRef = 8A933FA52B08A5DC004965BC /* Task.swift */; };
		8A933FA82B08B297004965BC /* Sequence.swift in Sources */ = {isa = PBXBuildFile; fileRef = 8A933FA72B08B297004965BC /* Sequence.swift */; };
		8ACFF3492B0BAC4E00594E37 /* ChatItemView.swift in Sources */ = {isa = PBXBuildFile; fileRef = 8ACFF3482B0BAC4E00594E37 /* ChatItemView.swift */; };
		8ACFF34D2B0E8CD800594E37 /* ChatsView.swift in Sources */ = {isa = PBXBuildFile; fileRef = 8ACFF34C2B0E8CD800594E37 /* ChatsView.swift */; };
/* End PBXBuildFile section */

/* Begin PBXFileReference section */
		8A06D0562B03B47F0030942B /* Hellogram.app */ = {isa = PBXFileReference; explicitFileType = wrapper.application; includeInIndex = 0; path = Hellogram.app; sourceTree = BUILT_PRODUCTS_DIR; };
		8A06D0592B03B47F0030942B /* HellogramApp.swift */ = {isa = PBXFileReference; lastKnownFileType = sourcecode.swift; path = HellogramApp.swift; sourceTree = "<group>"; };
		8A06D05B2B03B47F0030942B /* ContentView.swift */ = {isa = PBXFileReference; lastKnownFileType = sourcecode.swift; path = ContentView.swift; sourceTree = "<group>"; };
		8A06D05D2B03B4810030942B /* Assets.xcassets */ = {isa = PBXFileReference; lastKnownFileType = folder.assetcatalog; path = Assets.xcassets; sourceTree = "<group>"; };
		8A06D0602B03B4810030942B /* Preview Assets.xcassets */ = {isa = PBXFileReference; lastKnownFileType = folder.assetcatalog; path = "Preview Assets.xcassets"; sourceTree = "<group>"; };
		8A933F9A2B0896F7004965BC /* ContentViewModel.swift */ = {isa = PBXFileReference; lastKnownFileType = sourcecode.swift; path = ContentViewModel.swift; sourceTree = "<group>"; };
		8A933F9D2B08A192004965BC /* TdApi.swift */ = {isa = PBXFileReference; lastKnownFileType = sourcecode.swift; path = TdApi.swift; sourceTree = "<group>"; };
		8A933F9F2B08A426004965BC /* Secret.swift */ = {isa = PBXFileReference; lastKnownFileType = sourcecode.swift; path = Secret.swift; sourceTree = "<group>"; };
		8A933FA12B08A4D8004965BC /* NotificationCenter.swift */ = {isa = PBXFileReference; lastKnownFileType = sourcecode.swift; path = NotificationCenter.swift; sourceTree = "<group>"; };
		8A933FA32B08A5B9004965BC /* NotificationName.swift */ = {isa = PBXFileReference; lastKnownFileType = sourcecode.swift; path = NotificationName.swift; sourceTree = "<group>"; };
		8A933FA52B08A5DC004965BC /* Task.swift */ = {isa = PBXFileReference; lastKnownFileType = sourcecode.swift; path = Task.swift; sourceTree = "<group>"; };
		8A933FA72B08B297004965BC /* Sequence.swift */ = {isa = PBXFileReference; lastKnownFileType = sourcecode.swift; path = Sequence.swift; sourceTree = "<group>"; };
		8ACFF3482B0BAC4E00594E37 /* ChatItemView.swift */ = {isa = PBXFileReference; lastKnownFileType = sourcecode.swift; path = ChatItemView.swift; sourceTree = "<group>"; };
		8ACFF34C2B0E8CD800594E37 /* ChatsView.swift */ = {isa = PBXFileReference; lastKnownFileType = sourcecode.swift; path = ChatsView.swift; sourceTree = "<group>"; };
/* End PBXFileReference section */

/* Begin PBXFrameworksBuildPhase section */
		8A06D0532B03B47F0030942B /* Frameworks */ = {
			isa = PBXFrameworksBuildPhase;
			buildActionMask = 2147483647;
			files = (
				8A06D06C2B03CD990030942B /* TDLibKit in Frameworks */,
			);
			runOnlyForDeploymentPostprocessing = 0;
		};
/* End PBXFrameworksBuildPhase section */

/* Begin PBXGroup section */
		8A06D04D2B03B47F0030942B = {
			isa = PBXGroup;
			children = (
				8A06D0582B03B47F0030942B /* Hellogram */,
				8A06D0572B03B47F0030942B /* Products */,
			);
			sourceTree = "<group>";
		};
		8A06D0572B03B47F0030942B /* Products */ = {
			isa = PBXGroup;
			children = (
				8A06D0562B03B47F0030942B /* Hellogram.app */,
			);
			name = Products;
			sourceTree = "<group>";
		};
		8A06D0582B03B47F0030942B /* Hellogram */ = {
			isa = PBXGroup;
			children = (
				8A06D0592B03B47F0030942B /* HellogramApp.swift */,
				8A06D05D2B03B4810030942B /* Assets.xcassets */,
				8A933F9C2B08A181004965BC /* Data */,
				8A933F962B07C7B8004965BC /* Content */,
				8A06D05F2B03B4810030942B /* Preview Content */,
			);
			path = Hellogram;
			sourceTree = "<group>";
		};
		8A06D05F2B03B4810030942B /* Preview Content */ = {
			isa = PBXGroup;
			children = (
				8A06D0602B03B4810030942B /* Preview Assets.xcassets */,
			);
			path = "Preview Content";
			sourceTree = "<group>";
		};
		8A933F962B07C7B8004965BC /* Content */ = {
			isa = PBXGroup;
			children = (
				8A933F9A2B0896F7004965BC /* ContentViewModel.swift */,
				8A06D05B2B03B47F0030942B /* ContentView.swift */,
				8ACFF34C2B0E8CD800594E37 /* ChatsView.swift */,
				8ACFF3482B0BAC4E00594E37 /* ChatItemView.swift */,
			);
			path = Content;
			sourceTree = "<group>";
		};
		8A933F9C2B08A181004965BC /* Data */ = {
			isa = PBXGroup;
			children = (
				8A933F9D2B08A192004965BC /* TdApi.swift */,
				8A933F9F2B08A426004965BC /* Secret.swift */,
				8A933FA12B08A4D8004965BC /* NotificationCenter.swift */,
				8A933FA32B08A5B9004965BC /* NotificationName.swift */,
				8A933FA52B08A5DC004965BC /* Task.swift */,
				8A933FA72B08B297004965BC /* Sequence.swift */,
			);
			path = Data;
			sourceTree = "<group>";
		};
/* End PBXGroup section */

/* Begin PBXNativeTarget section */
		8A06D0552B03B47F0030942B /* Hellogram */ = {
			isa = PBXNativeTarget;
			buildConfigurationList = 8A06D0642B03B4810030942B /* Build configuration list for PBXNativeTarget "Hellogram" */;
			buildPhases = (
				8A06D0522B03B47F0030942B /* Sources */,
				8A06D0532B03B47F0030942B /* Frameworks */,
				8A06D0542B03B47F0030942B /* Resources */,
			);
			buildRules = (
			);
			dependencies = (
			);
			name = Hellogram;
			packageProductDependencies = (
				8A06D06B2B03CD990030942B /* TDLibKit */,
			);
			productName = Hellogram;
			productReference = 8A06D0562B03B47F0030942B /* Hellogram.app */;
			productType = "com.apple.product-type.application";
		};
/* End PBXNativeTarget section */

/* Begin PBXProject section */
		8A06D04E2B03B47F0030942B /* Project object */ = {
			isa = PBXProject;
			attributes = {
				BuildIndependentTargetsInParallel = 1;
				LastSwiftUpdateCheck = 1500;
				LastUpgradeCheck = 1500;
				TargetAttributes = {
					8A06D0552B03B47F0030942B = {
						CreatedOnToolsVersion = 15.0;
					};
				};
			};
			buildConfigurationList = 8A06D0512B03B47F0030942B /* Build configuration list for PBXProject "Hellogram" */;
			compatibilityVersion = "Xcode 14.0";
			developmentRegion = en;
			hasScannedForEncodings = 0;
			knownRegions = (
				en,
				Base,
			);
			mainGroup = 8A06D04D2B03B47F0030942B;
			packageReferences = (
				8A06D06A2B03CD990030942B /* XCRemoteSwiftPackageReference "TDLibKit" */,
			);
			productRefGroup = 8A06D0572B03B47F0030942B /* Products */;
			projectDirPath = "";
			projectRoot = "";
			targets = (
				8A06D0552B03B47F0030942B /* Hellogram */,
			);
		};
/* End PBXProject section */

/* Begin PBXResourcesBuildPhase section */
		8A06D0542B03B47F0030942B /* Resources */ = {
			isa = PBXResourcesBuildPhase;
			buildActionMask = 2147483647;
			files = (
				8A06D0612B03B4810030942B /* Preview Assets.xcassets in Resources */,
				8A06D05E2B03B4810030942B /* Assets.xcassets in Resources */,
			);
			runOnlyForDeploymentPostprocessing = 0;
		};
/* End PBXResourcesBuildPhase section */

/* Begin PBXSourcesBuildPhase section */
		8A06D0522B03B47F0030942B /* Sources */ = {
			isa = PBXSourcesBuildPhase;
			buildActionMask = 2147483647;
			files = (
				8A933FA62B08A5DC004965BC /* Task.swift in Sources */,
				8ACFF34D2B0E8CD800594E37 /* ChatsView.swift in Sources */,
				8A933F9B2B0896F7004965BC /* ContentViewModel.swift in Sources */,
				8A933FA82B08B297004965BC /* Sequence.swift in Sources */,
				8A933FA02B08A426004965BC /* Secret.swift in Sources */,
				8A933FA22B08A4D8004965BC /* NotificationCenter.swift in Sources */,
				8A933FA42B08A5B9004965BC /* NotificationName.swift in Sources */,
				8A06D05C2B03B47F0030942B /* ContentView.swift in Sources */,
				8A06D05A2B03B47F0030942B /* HellogramApp.swift in Sources */,
				8A933F9E2B08A192004965BC /* TdApi.swift in Sources */,
				8ACFF3492B0BAC4E00594E37 /* ChatItemView.swift in Sources */,
			);
			runOnlyForDeploymentPostprocessing = 0;
		};
/* End PBXSourcesBuildPhase section */

/* Begin XCBuildConfiguration section */
		8A06D0622B03B4810030942B /* Debug */ = {
			isa = XCBuildConfiguration;
			buildSettings = {
				ALWAYS_SEARCH_USER_PATHS = NO;
				ASSETCATALOG_COMPILER_GENERATE_SWIFT_ASSET_SYMBOL_EXTENSIONS = YES;
				CLANG_ANALYZER_NONNULL = YES;
				CLANG_ANALYZER_NUMBER_OBJECT_CONVERSION = YES_AGGRESSIVE;
				CLANG_CXX_LANGUAGE_STANDARD = "gnu++20";
				CLANG_ENABLE_MODULES = YES;
				CLANG_ENABLE_OBJC_ARC = YES;
				CLANG_ENABLE_OBJC_WEAK = YES;
				CLANG_WARN_BLOCK_CAPTURE_AUTORELEASING = YES;
				CLANG_WARN_BOOL_CONVERSION = YES;
				CLANG_WARN_COMMA = YES;
				CLANG_WARN_CONSTANT_CONVERSION = YES;
				CLANG_WARN_DEPRECATED_OBJC_IMPLEMENTATIONS = YES;
				CLANG_WARN_DIRECT_OBJC_ISA_USAGE = YES_ERROR;
				CLANG_WARN_DOCUMENTATION_COMMENTS = YES;
				CLANG_WARN_EMPTY_BODY = YES;
				CLANG_WARN_ENUM_CONVERSION = YES;
				CLANG_WARN_INFINITE_RECURSION = YES;
				CLANG_WARN_INT_CONVERSION = YES;
				CLANG_WARN_NON_LITERAL_NULL_CONVERSION = YES;
				CLANG_WARN_OBJC_IMPLICIT_RETAIN_SELF = YES;
				CLANG_WARN_OBJC_LITERAL_CONVERSION = YES;
				CLANG_WARN_OBJC_ROOT_CLASS = YES_ERROR;
				CLANG_WARN_QUOTED_INCLUDE_IN_FRAMEWORK_HEADER = YES;
				CLANG_WARN_RANGE_LOOP_ANALYSIS = YES;
				CLANG_WARN_STRICT_PROTOTYPES = YES;
				CLANG_WARN_SUSPICIOUS_MOVE = YES;
				CLANG_WARN_UNGUARDED_AVAILABILITY = YES_AGGRESSIVE;
				CLANG_WARN_UNREACHABLE_CODE = YES;
				CLANG_WARN__DUPLICATE_METHOD_MATCH = YES;
				COPY_PHASE_STRIP = NO;
				DEBUG_INFORMATION_FORMAT = dwarf;
				ENABLE_STRICT_OBJC_MSGSEND = YES;
				ENABLE_TESTABILITY = YES;
				ENABLE_USER_SCRIPT_SANDBOXING = YES;
				GCC_C_LANGUAGE_STANDARD = gnu17;
				GCC_DYNAMIC_NO_PIC = NO;
				GCC_NO_COMMON_BLOCKS = YES;
				GCC_OPTIMIZATION_LEVEL = 0;
				GCC_PREPROCESSOR_DEFINITIONS = (
					"DEBUG=1",
					"$(inherited)",
				);
				GCC_WARN_64_TO_32_BIT_CONVERSION = YES;
				GCC_WARN_ABOUT_RETURN_TYPE = YES_ERROR;
				GCC_WARN_UNDECLARED_SELECTOR = YES;
				GCC_WARN_UNINITIALIZED_AUTOS = YES_AGGRESSIVE;
				GCC_WARN_UNUSED_FUNCTION = YES;
				GCC_WARN_UNUSED_VARIABLE = YES;
				IPHONEOS_DEPLOYMENT_TARGET = 17.0;
				LOCALIZATION_PREFERS_STRING_CATALOGS = YES;
				MTL_ENABLE_DEBUG_INFO = INCLUDE_SOURCE;
				MTL_FAST_MATH = YES;
				ONLY_ACTIVE_ARCH = YES;
				SDKROOT = iphoneos;
				SWIFT_ACTIVE_COMPILATION_CONDITIONS = "DEBUG $(inherited)";
				SWIFT_OPTIMIZATION_LEVEL = "-Onone";
			};
			name = Debug;
		};
		8A06D0632B03B4810030942B /* Release */ = {
			isa = XCBuildConfiguration;
			buildSettings = {
				ALWAYS_SEARCH_USER_PATHS = NO;
				ASSETCATALOG_COMPILER_GENERATE_SWIFT_ASSET_SYMBOL_EXTENSIONS = YES;
				CLANG_ANALYZER_NONNULL = YES;
				CLANG_ANALYZER_NUMBER_OBJECT_CONVERSION = YES_AGGRESSIVE;
				CLANG_CXX_LANGUAGE_STANDARD = "gnu++20";
				CLANG_ENABLE_MODULES = YES;
				CLANG_ENABLE_OBJC_ARC = YES;
				CLANG_ENABLE_OBJC_WEAK = YES;
				CLANG_WARN_BLOCK_CAPTURE_AUTORELEASING = YES;
				CLANG_WARN_BOOL_CONVERSION = YES;
				CLANG_WARN_COMMA = YES;
				CLANG_WARN_CONSTANT_CONVERSION = YES;
				CLANG_WARN_DEPRECATED_OBJC_IMPLEMENTATIONS = YES;
				CLANG_WARN_DIRECT_OBJC_ISA_USAGE = YES_ERROR;
				CLANG_WARN_DOCUMENTATION_COMMENTS = YES;
				CLANG_WARN_EMPTY_BODY = YES;
				CLANG_WARN_ENUM_CONVERSION = YES;
				CLANG_WARN_INFINITE_RECURSION = YES;
				CLANG_WARN_INT_CONVERSION = YES;
				CLANG_WARN_NON_LITERAL_NULL_CONVERSION = YES;
				CLANG_WARN_OBJC_IMPLICIT_RETAIN_SELF = YES;
				CLANG_WARN_OBJC_LITERAL_CONVERSION = YES;
				CLANG_WARN_OBJC_ROOT_CLASS = YES_ERROR;
				CLANG_WARN_QUOTED_INCLUDE_IN_FRAMEWORK_HEADER = YES;
				CLANG_WARN_RANGE_LOOP_ANALYSIS = YES;
				CLANG_WARN_STRICT_PROTOTYPES = YES;
				CLANG_WARN_SUSPICIOUS_MOVE = YES;
				CLANG_WARN_UNGUARDED_AVAILABILITY = YES_AGGRESSIVE;
				CLANG_WARN_UNREACHABLE_CODE = YES;
				CLANG_WARN__DUPLICATE_METHOD_MATCH = YES;
				COPY_PHASE_STRIP = NO;
				DEBUG_INFORMATION_FORMAT = "dwarf-with-dsym";
				ENABLE_NS_ASSERTIONS = NO;
				ENABLE_STRICT_OBJC_MSGSEND = YES;
				ENABLE_USER_SCRIPT_SANDBOXING = YES;
				GCC_C_LANGUAGE_STANDARD = gnu17;
				GCC_NO_COMMON_BLOCKS = YES;
				GCC_WARN_64_TO_32_BIT_CONVERSION = YES;
				GCC_WARN_ABOUT_RETURN_TYPE = YES_ERROR;
				GCC_WARN_UNDECLARED_SELECTOR = YES;
				GCC_WARN_UNINITIALIZED_AUTOS = YES_AGGRESSIVE;
				GCC_WARN_UNUSED_FUNCTION = YES;
				GCC_WARN_UNUSED_VARIABLE = YES;
				IPHONEOS_DEPLOYMENT_TARGET = 17.0;
				LOCALIZATION_PREFERS_STRING_CATALOGS = YES;
				MTL_ENABLE_DEBUG_INFO = NO;
				MTL_FAST_MATH = YES;
				SDKROOT = iphoneos;
				SWIFT_COMPILATION_MODE = wholemodule;
				VALIDATE_PRODUCT = YES;
			};
			name = Release;
		};
		8A06D0652B03B4810030942B /* Debug */ = {
			isa = XCBuildConfiguration;
			buildSettings = {
				ASSETCATALOG_COMPILER_APPICON_NAME = AppIcon;
				ASSETCATALOG_COMPILER_GLOBAL_ACCENT_COLOR_NAME = AccentColor;
				CODE_SIGN_STYLE = Automatic;
				CURRENT_PROJECT_VERSION = 1;
				DEVELOPMENT_ASSET_PATHS = "\"Hellogram/Preview Content\"";
				DEVELOPMENT_TEAM = H33D7V8PD6;
				ENABLE_PREVIEWS = YES;
				GENERATE_INFOPLIST_FILE = YES;
				INFOPLIST_KEY_UIApplicationSceneManifest_Generation = YES;
				INFOPLIST_KEY_UIApplicationSupportsIndirectInputEvents = YES;
				INFOPLIST_KEY_UILaunchScreen_Generation = YES;
				INFOPLIST_KEY_UISupportedInterfaceOrientations_iPad = "UIInterfaceOrientationPortrait UIInterfaceOrientationPortraitUpsideDown UIInterfaceOrientationLandscapeLeft UIInterfaceOrientationLandscapeRight";
				INFOPLIST_KEY_UISupportedInterfaceOrientations_iPhone = "UIInterfaceOrientationPortrait UIInterfaceOrientationLandscapeLeft UIInterfaceOrientationLandscapeRight";
				LD_RUNPATH_SEARCH_PATHS = (
					"$(inherited)",
					"@executable_path/Frameworks",
				);
				MARKETING_VERSION = 1.0;
				PRODUCT_BUNDLE_IDENTIFIER = com.joerakhimov.hellogram;
				PRODUCT_NAME = "$(TARGET_NAME)";
				SWIFT_EMIT_LOC_STRINGS = YES;
				SWIFT_VERSION = 5.0;
				TARGETED_DEVICE_FAMILY = "1,2";
			};
			name = Debug;
		};
		8A06D0662B03B4810030942B /* Release */ = {
			isa = XCBuildConfiguration;
			buildSettings = {
				ASSETCATALOG_COMPILER_APPICON_NAME = AppIcon;
				ASSETCATALOG_COMPILER_GLOBAL_ACCENT_COLOR_NAME = AccentColor;
				CODE_SIGN_STYLE = Automatic;
				CURRENT_PROJECT_VERSION = 1;
				DEVELOPMENT_ASSET_PATHS = "\"Hellogram/Preview Content\"";
				DEVELOPMENT_TEAM = H33D7V8PD6;
				ENABLE_PREVIEWS = YES;
				GENERATE_INFOPLIST_FILE = YES;
				INFOPLIST_KEY_UIApplicationSceneManifest_Generation = YES;
				INFOPLIST_KEY_UIApplicationSupportsIndirectInputEvents = YES;
				INFOPLIST_KEY_UILaunchScreen_Generation = YES;
				INFOPLIST_KEY_UISupportedInterfaceOrientations_iPad = "UIInterfaceOrientationPortrait UIInterfaceOrientationPortraitUpsideDown UIInterfaceOrientationLandscapeLeft UIInterfaceOrientationLandscapeRight";
				INFOPLIST_KEY_UISupportedInterfaceOrientations_iPhone = "UIInterfaceOrientationPortrait UIInterfaceOrientationLandscapeLeft UIInterfaceOrientationLandscapeRight";
				LD_RUNPATH_SEARCH_PATHS = (
					"$(inherited)",
					"@executable_path/Frameworks",
				);
				MARKETING_VERSION = 1.0;
				PRODUCT_BUNDLE_IDENTIFIER = com.joerakhimov.hellogram;
				PRODUCT_NAME = "$(TARGET_NAME)";
				SWIFT_EMIT_LOC_STRINGS = YES;
				SWIFT_VERSION = 5.0;
				TARGETED_DEVICE_FAMILY = "1,2";
			};
			name = Release;
		};
/* End XCBuildConfiguration section */

/* Begin XCConfigurationList section */
		8A06D0512B03B47F0030942B /* Build configuration list for PBXProject "Hellogram" */ = {
			isa = XCConfigurationList;
			buildConfigurations = (
				8A06D0622B03B4810030942B /* Debug */,
				8A06D0632B03B4810030942B /* Release */,
			);
			defaultConfigurationIsVisible = 0;
			defaultConfigurationName = Release;
		};
		8A06D0642B03B4810030942B /* Build configuration list for PBXNativeTarget "Hellogram" */ = {
			isa = XCConfigurationList;
			buildConfigurations = (
				8A06D0652B03B4810030942B /* Debug */,
				8A06D0662B03B4810030942B /* Release */,
			);
			defaultConfigurationIsVisible = 0;
			defaultConfigurationName = Release;
		};
/* End XCConfigurationList section */

/* Begin XCRemoteSwiftPackageReference section */
		8A06D06A2B03CD990030942B /* XCRemoteSwiftPackageReference "TDLibKit" */ = {
			isa = XCRemoteSwiftPackageReference;
			repositoryURL = "https://github.com/Swiftgram/TDLibKit";
			requirement = {
				branch = main;
				kind = branch;
			};
		};
/* End XCRemoteSwiftPackageReference section */

/* Begin XCSwiftPackageProductDependency section */
		8A06D06B2B03CD990030942B /* TDLibKit */ = {
			isa = XCSwiftPackageProductDependency;
			package = 8A06D06A2B03CD990030942B /* XCRemoteSwiftPackageReference "TDLibKit" */;
			productName = TDLibKit;
		};
/* End XCSwiftPackageProductDependency section */
	};
	rootObject = 8A06D04E2B03B47F0030942B /* Project object */;
}
